
Microsoft Visual Studio Solution File, Format Version 12.00
# Visual Studio Version 17
VisualStudioVersion = 17.0.31912.275
MinimumVisualStudioVersion = 10.0.40219.1
Project("{FAE04EC0-301F-11D3-BF4B-00C04F79EFBC}") = "API", "API\API.csproj", "{00FB51FC-93DE-4113-8F09-D0C3625199EB}"
EndProject
Global
	GlobalSection(SolutionConfigurationPlatforms) = preSolution
		Debug|Any CPU = Debug|Any CPU
		Release|Any CPU = Release|Any CPU
	EndGlobalSection
	GlobalSection(ProjectConfigurationPlatforms) = postSolution
		{00FB51FC-93DE-4113-8F09-D0C3625199EB}.Debug|Any CPU.ActiveCfg = Debug|Any CPU
		{00FB51FC-93DE-4113-8F09-D0C3625199EB}.Debug|Any CPU.Build.0 = Debug|Any CPU
		{00FB51FC-93DE-4113-8F09-D0C3625199EB}.Release|Any CPU.ActiveCfg = Release|Any CPU
		{00FB51FC-93DE-4113-8F09-D0C3625199EB}.Release|Any CPU.Build.0 = Release|Any CPU
	EndGlobalSection
	GlobalSection(SolutionProperties) = preSolution
		HideSolutionNode = FALSE
	EndGlobalSection
	GlobalSection(ExtensibilityGlobals) = postSolution
		SolutionGuid = {06579894-837B-4785-85C5-051620023C3A}
	EndGlobalSection
EndGlobal
